// !$*UTF8*$!
{
	archiveVersion = 1;
	classes = {
	};
	objectVersion = 46;
	objects = {

/* Begin PBXBuildFile section */
		E8B010A31CCF1A250017B613 /* PrimeNumber.m in Sources */ = {isa = PBXBuildFile; fileRef = E8B010A21CCF1A250017B613 /* PrimeNumber.m */; };
		E8CA14411CCE05DC0022D93D /* main.m in Sources */ = {isa = PBXBuildFile; fileRef = E8CA14401CCE05DC0022D93D /* main.m */; };
/* End PBXBuildFile section */

/* Begin PBXCopyFilesBuildPhase section */
		E8CA143B1CCE05DC0022D93D /* CopyFiles */ = {
			isa = PBXCopyFilesBuildPhase;
			buildActionMask = 2147483647;
			dstPath = /usr/share/man/man1/;
			dstSubfolderSpec = 0;
			files = (
			);
			runOnlyForDeploymentPostprocessing = 1;
		};
/* End PBXCopyFilesBuildPhase section */

/* Begin PBXFileReference section */
		E8B010A11CCF1A250017B613 /* PrimeNumber.h */ = {isa = PBXFileReference; fileEncoding = 4; lastKnownFileType = sourcecode.c.h; path = PrimeNumber.h; sourceTree = "<group>"; };
		E8B010A21CCF1A250017B613 /* PrimeNumber.m */ = {isa = PBXFileReference; fileEncoding = 4; lastKnownFileType = sourcecode.c.objc; path = PrimeNumber.m; sourceTree = "<group>"; };
		E8CA143D1CCE05DC0022D93D /* Foundation常用类 */ = {isa = PBXFileReference; explicitFileType = "compiled.mach-o.executable"; includeInIndex = 0; path = "Foundation常用类"; sourceTree = BUILT_PRODUCTS_DIR; };
		E8CA14401CCE05DC0022D93D /* main.m */ = {isa = PBXFileReference; lastKnownFileType = sourcecode.c.objc; path = main.m; sourceTree = "<group>"; };
/* End PBXFileReference section */

/* Begin PBXFrameworksBuildPhase section */
		E8CA143A1CCE05DC0022D93D /* Frameworks */ = {
			isa = PBXFrameworksBuildPhase;
			buildActionMask = 2147483647;
			files = (
			);
			runOnlyForDeploymentPostprocessing = 0;
		};
/* End PBXFrameworksBuildPhase section */

/* Begin PBXGroup section */
		E8CA14341CCE05DC0022D93D = {
			isa = PBXGroup;
			children = (
				E8CA143F1CCE05DC0022D93D /* Foundation常用类 */,
				E8CA143E1CCE05DC0022D93D /* Products */,
			);
			sourceTree = "<group>";
		};
		E8CA143E1CCE05DC0022D93D /* Products */ = {
			isa = PBXGroup;
			children = (
				E8CA143D1CCE05DC0022D93D /* Foundation常用类 */,
			);
			name = Products;
			sourceTree = "<group>";
		};
		E8CA143F1CCE05DC0022D93D /* Foundation常用类 */ = {
			isa = PBXGroup;
			children = (
				E8CA14401CCE05DC0022D93D /* main.m */,
				E8B010A11CCF1A250017B613 /* PrimeNumber.h */,
				E8B010A21CCF1A250017B613 /* PrimeNumber.m */,
			);
			path = "Foundation常用类";
			sourceTree = "<group>";
		};
/* End PBXGroup section */

/* Begin PBXNativeTarget section */
		E8CA143C1CCE05DC0022D93D /* Foundation常用类 */ = {
			isa = PBXNativeTarget;
			buildConfigurationList = E8CA14441CCE05DC0022D93D /* Build configuration list for PBXNativeTarget "Foundation常用类" */;
			buildPhases = (
				E8CA14391CCE05DC0022D93D /* Sources */,
				E8CA143A1CCE05DC0022D93D /* Frameworks */,
				E8CA143B1CCE05DC0022D93D /* CopyFiles */,
			);
			buildRules = (
			);
			dependencies = (
			);
			name = "Foundation常用类";
			productName = "Foundation常用类";
			productReference = E8CA143D1CCE05DC0022D93D /* Foundation常用类 */;
			productType = "com.apple.product-type.tool";
		};
/* End PBXNativeTarget section */

/* Begin PBXProject section */
		E8CA14351CCE05DC0022D93D /* Project object */ = {
			isa = PBXProject;
			attributes = {
				LastUpgradeCheck = 0730;
				ORGANIZATIONNAME = "___SILENCE___";
				TargetAttributes = {
					E8CA143C1CCE05DC0022D93D = {
						CreatedOnToolsVersion = 7.3;
					};
				};
			};
			buildConfigurationList = E8CA14381CCE05DC0022D93D /* Build configuration list for PBXProject "Foundation常用类" */;
			compatibilityVersion = "Xcode 3.2";
			developmentRegion = English;
			hasScannedForEncodings = 0;
			knownRegions = (
				en,
			);
			mainGroup = E8CA14341CCE05DC0022D93D;
			productRefGroup = E8CA143E1CCE05DC0022D93D /* Products */;
			projectDirPath = "";
			projectRoot = "";
			targets = (
				E8CA143C1CCE05DC0022D93D /* Foundation常用类 */,
			);
		};
/* End PBXProject section */

/* Begin PBXSourcesBuildPhase section */
		E8CA14391CCE05DC0022D93D /* Sources */ = {
			isa = PBXSourcesBuildPhase;
			buildActionMask = 2147483647;
			files = (
				E8B010A31CCF1A250017B613 /* PrimeNumber.m in Sources */,
				E8CA14411CCE05DC0022D93D /* main.m in Sources */,
			);
			runOnlyForDeploymentPostprocessing = 0;
		};
/* End PBXSourcesBuildPhase section */

/* Begin XCBuildConfiguration section */
		E8CA14421CCE05DC0022D93D /* Debug */ = {
			isa = XCBuildConfiguration;
			buildSettings = {
				ALWAYS_SEARCH_USER_PATHS = NO;
				CLANG_ANALYZER_NONNULL = YES;
				CLANG_CXX_LANGUAGE_STANDARD = "gnu++0x";
				CLANG_CXX_LIBRARY = "libc++";
				CLANG_ENABLE_MODULES = YES;
				CLANG_ENABLE_OBJC_ARC = YES;
				CLANG_WARN_BOOL_CONVERSION = YES;
				CLANG_WARN_CONSTANT_CONVERSION = YES;
				CLANG_WARN_DIRECT_OBJC_ISA_USAGE = YES_ERROR;
				CLANG_WARN_EMPTY_BODY = YES;
				CLANG_WARN_ENUM_CONVERSION = YES;
				CLANG_WARN_INT_CONVERSION = YES;
				CLANG_WARN_OBJC_ROOT_CLASS = YES_ERROR;
				CLANG_WARN_UNREACHABLE_CODE = YES;
				CLANG_WARN__DUPLICATE_METHOD_MATCH = YES;
				CODE_SIGN_IDENTITY = "-";
				COPY_PHASE_STRIP = NO;
				DEBUG_INFORMATION_FORMAT = dwarf;
				ENABLE_STRICT_OBJC_MSGSEND = YES;
				ENABLE_TESTABILITY = YES;
				GCC_C_LANGUAGE_STANDARD = gnu99;
				GCC_DYNAMIC_NO_PIC = NO;
				GCC_NO_COMMON_BLOCKS = YES;
				GCC_OPTIMIZATION_LEVEL = 0;
				GCC_PREPROCESSOR_DEFINITIONS = (
					"DEBUG=1",
					"$(inherited)",
				);
				GCC_WARN_64_TO_32_BIT_CONVERSION = YES;
				GCC_WARN_ABOUT_RETURN_TYPE = YES_ERROR;
				GCC_WARN_UNDECLARED_SELECTOR = YES;
				GCC_WARN_UNINITIALIZED_AUTOS = YES_AGGRESSIVE;
				GCC_WARN_UNUSED_FUNCTION = YES;
				GCC_WARN_UNUSED_VARIABLE = YES;
				MACOSX_DEPLOYMENT_TARGET = 10.11;
				MTL_ENABLE_DEBUG_INFO = YES;
				ONLY_ACTIVE_ARCH = YES;
				SDKROOT = macosx;
			};
			name = Debug;
		};
		E8CA14431CCE05DC0022D93D /* Release */ = {
			isa = XCBuildConfiguration;
			buildSettings = {
				ALWAYS_SEARCH_USER_PATHS = NO;
				CLANG_ANALYZER_NONNULL = YES;
				CLANG_CXX_LANGUAGE_STANDARD = "gnu++0x";
				CLANG_CXX_LIBRARY = "libc++";
				CLANG_ENABLE_MODULES = YES;
				CLANG_ENABLE_OBJC_ARC = YES;
				CLANG_WARN_BOOL_CONVERSION = YES;
				CLANG_WARN_CONSTANT_CONVERSION = YES;
				CLANG_WARN_DIRECT_OBJC_ISA_USAGE = YES_ERROR;
				CLANG_WARN_EMPTY_BODY = YES;
				CLANG_WARN_ENUM_CONVERSION = YES;
				CLANG_WARN_INT_CONVERSION = YES;
				CLANG_WARN_OBJC_ROOT_CLASS = YES_ERROR;
				CLANG_WARN_UNREACHABLE_CODE = YES;
				CLANG_WARN__DUPLICATE_METHOD_MATCH = YES;
				CODE_SIGN_IDENTITY = "-";
				COPY_PHASE_STRIP = NO;
				DEBUG_INFORMATION_FORMAT = "dwarf-with-dsym";
				ENABLE_NS_ASSERTIONS = NO;
				ENABLE_STRICT_OBJC_MSGSEND = YES;
				GCC_C_LANGUAGE_STANDARD = gnu99;
				GCC_NO_COMMON_BLOCKS = YES;
				GCC_WARN_64_TO_32_BIT_CONVERSION = YES;
				GCC_WARN_ABOUT_RETURN_TYPE = YES_ERROR;
				GCC_WARN_UNDECLARED_SELECTOR = YES;
				GCC_WARN_UNINITIALIZED_AUTOS = YES_AGGRESSIVE;
				GCC_WARN_UNUSED_FUNCTION = YES;
				GCC_WARN_UNUSED_VARIABLE = YES;
				MACOSX_DEPLOYMENT_TARGET = 10.11;
				MTL_ENABLE_DEBUG_INFO = NO;
				SDKROOT = macosx;
			};
			name = Release;
		};
		E8CA14451CCE05DC0022D93D /* Debug */ = {
			isa = XCBuildConfiguration;
			buildSettings = {
				PRODUCT_NAME = "$(TARGET_NAME)";
			};
			name = Debug;
		};
		E8CA14461CCE05DC0022D93D /* Release */ = {
			isa = XCBuildConfiguration;
			buildSettings = {
				PRODUCT_NAME = "$(TARGET_NAME)";
			};
			name = Release;
		};
/* End XCBuildConfiguration section */

/* Begin XCConfigurationList section */
		E8CA14381CCE05DC0022D93D /* Build configuration list for PBXProject "Foundation常用类" */ = {
			isa = XCConfigurationList;
			buildConfigurations = (
				E8CA14421CCE05DC0022D93D /* Debug */,
				E8CA14431CCE05DC0022D93D /* Release */,
			);
			defaultConfigurationIsVisible = 0;
			defaultConfigurationName = Release;
		};
		E8CA14441CCE05DC0022D93D /* Build configuration list for PBXNativeTarget "Foundation常用类" */ = {
			isa = XCConfigurationList;
			buildConfigurations = (
				E8CA14451CCE05DC0022D93D /* Debug */,
				E8CA14461CCE05DC0022D93D /* Release */,
			);
			defaultConfigurationIsVisible = 0;
			defaultConfigurationName = Release;
		};
/* End XCConfigurationList section */
	};
	rootObject = E8CA14351CCE05DC0022D93D /* Project object */;
}
