// !$*UTF8*$!
{
	archiveVersion = 1;
	classes = {
	};
	objectVersion = 46;
	objects = {

/* Begin PBXBuildFile section */
		E828699D1CEAC93E00510CA1 /* main.m in Sources */ = {isa = PBXBuildFile; fileRef = E828699C1CEAC93E00510CA1 /* main.m */; };
		E82869A51CEAC95200510CA1 /* Person.m in Sources */ = {isa = PBXBuildFile; fileRef = E82869A41CEAC95200510CA1 /* Person.m */; };
/* End PBXBuildFile section */

/* Begin PBXCopyFilesBuildPhase section */
		E82869971CEAC93E00510CA1 /* CopyFiles */ = {
			isa = PBXCopyFilesBuildPhase;
			buildActionMask = 2147483647;
			dstPath = /usr/share/man/man1/;
			dstSubfolderSpec = 0;
			files = (
			);
			runOnlyForDeploymentPostprocessing = 1;
		};
/* End PBXCopyFilesBuildPhase section */

/* Begin PBXFileReference section */
		E82869991CEAC93E00510CA1 /* runtime--metaClass */ = {isa = PBXFileReference; explicitFileType = "compiled.mach-o.executable"; includeInIndex = 0; path = "runtime--metaClass"; sourceTree = BUILT_PRODUCTS_DIR; };
		E828699C1CEAC93E00510CA1 /* main.m */ = {isa = PBXFileReference; lastKnownFileType = sourcecode.c.objc; path = main.m; sourceTree = "<group>"; };
		E82869A31CEAC95200510CA1 /* Person.h */ = {isa = PBXFileReference; fileEncoding = 4; lastKnownFileType = sourcecode.c.h; path = Person.h; sourceTree = "<group>"; };
		E82869A41CEAC95200510CA1 /* Person.m */ = {isa = PBXFileReference; fileEncoding = 4; lastKnownFileType = sourcecode.c.objc; path = Person.m; sourceTree = "<group>"; };
/* End PBXFileReference section */

/* Begin PBXFrameworksBuildPhase section */
		E82869961CEAC93E00510CA1 /* Frameworks */ = {
			isa = PBXFrameworksBuildPhase;
			buildActionMask = 2147483647;
			files = (
			);
			runOnlyForDeploymentPostprocessing = 0;
		};
/* End PBXFrameworksBuildPhase section */

/* Begin PBXGroup section */
		E82869901CEAC93E00510CA1 = {
			isa = PBXGroup;
			children = (
				E828699B1CEAC93E00510CA1 /* runtime--metaClass */,
				E828699A1CEAC93E00510CA1 /* Products */,
			);
			sourceTree = "<group>";
		};
		E828699A1CEAC93E00510CA1 /* Products */ = {
			isa = PBXGroup;
			children = (
				E82869991CEAC93E00510CA1 /* runtime--metaClass */,
			);
			name = Products;
			sourceTree = "<group>";
		};
		E828699B1CEAC93E00510CA1 /* runtime--metaClass */ = {
			isa = PBXGroup;
			children = (
				E828699C1CEAC93E00510CA1 /* main.m */,
				E82869A31CEAC95200510CA1 /* Person.h */,
				E82869A41CEAC95200510CA1 /* Person.m */,
			);
			path = "runtime--metaClass";
			sourceTree = "<group>";
		};
/* End PBXGroup section */

/* Begin PBXNativeTarget section */
		E82869981CEAC93E00510CA1 /* runtime--metaClass */ = {
			isa = PBXNativeTarget;
			buildConfigurationList = E82869A01CEAC93E00510CA1 /* Build configuration list for PBXNativeTarget "runtime--metaClass" */;
			buildPhases = (
				E82869951CEAC93E00510CA1 /* Sources */,
				E82869961CEAC93E00510CA1 /* Frameworks */,
				E82869971CEAC93E00510CA1 /* CopyFiles */,
			);
			buildRules = (
			);
			dependencies = (
			);
			name = "runtime--metaClass";
			productName = "runtime--metaClass";
			productReference = E82869991CEAC93E00510CA1 /* runtime--metaClass */;
			productType = "com.apple.product-type.tool";
		};
/* End PBXNativeTarget section */

/* Begin PBXProject section */
		E82869911CEAC93E00510CA1 /* Project object */ = {
			isa = PBXProject;
			attributes = {
				LastUpgradeCheck = 0730;
				ORGANIZATIONNAME = "___SILENCE___";
				TargetAttributes = {
					E82869981CEAC93E00510CA1 = {
						CreatedOnToolsVersion = 7.3;
					};
				};
			};
			buildConfigurationList = E82869941CEAC93E00510CA1 /* Build configuration list for PBXProject "runtime--metaClass" */;
			compatibilityVersion = "Xcode 3.2";
			developmentRegion = English;
			hasScannedForEncodings = 0;
			knownRegions = (
				en,
			);
			mainGroup = E82869901CEAC93E00510CA1;
			productRefGroup = E828699A1CEAC93E00510CA1 /* Products */;
			projectDirPath = "";
			projectRoot = "";
			targets = (
				E82869981CEAC93E00510CA1 /* runtime--metaClass */,
			);
		};
/* End PBXProject section */

/* Begin PBXSourcesBuildPhase section */
		E82869951CEAC93E00510CA1 /* Sources */ = {
			isa = PBXSourcesBuildPhase;
			buildActionMask = 2147483647;
			files = (
				E82869A51CEAC95200510CA1 /* Person.m in Sources */,
				E828699D1CEAC93E00510CA1 /* main.m in Sources */,
			);
			runOnlyForDeploymentPostprocessing = 0;
		};
/* End PBXSourcesBuildPhase section */

/* Begin XCBuildConfiguration section */
		E828699E1CEAC93E00510CA1 /* Debug */ = {
			isa = XCBuildConfiguration;
			buildSettings = {
				ALWAYS_SEARCH_USER_PATHS = NO;
				CLANG_ANALYZER_NONNULL = YES;
				CLANG_CXX_LANGUAGE_STANDARD = "gnu++0x";
				CLANG_CXX_LIBRARY = "libc++";
				CLANG_ENABLE_MODULES = YES;
				CLANG_ENABLE_OBJC_ARC = YES;
				CLANG_WARN_BOOL_CONVERSION = YES;
				CLANG_WARN_CONSTANT_CONVERSION = YES;
				CLANG_WARN_DIRECT_OBJC_ISA_USAGE = YES_ERROR;
				CLANG_WARN_EMPTY_BODY = YES;
				CLANG_WARN_ENUM_CONVERSION = YES;
				CLANG_WARN_INT_CONVERSION = YES;
				CLANG_WARN_OBJC_ROOT_CLASS = YES_ERROR;
				CLANG_WARN_UNREACHABLE_CODE = YES;
				CLANG_WARN__DUPLICATE_METHOD_MATCH = YES;
				CODE_SIGN_IDENTITY = "-";
				COPY_PHASE_STRIP = NO;
				DEBUG_INFORMATION_FORMAT = dwarf;
				ENABLE_STRICT_OBJC_MSGSEND = YES;
				ENABLE_TESTABILITY = YES;
				GCC_C_LANGUAGE_STANDARD = gnu99;
				GCC_DYNAMIC_NO_PIC = NO;
				GCC_NO_COMMON_BLOCKS = YES;
				GCC_OPTIMIZATION_LEVEL = 0;
				GCC_PREPROCESSOR_DEFINITIONS = (
					"DEBUG=1",
					"$(inherited)",
				);
				GCC_WARN_64_TO_32_BIT_CONVERSION = YES;
				GCC_WARN_ABOUT_RETURN_TYPE = YES_ERROR;
				GCC_WARN_UNDECLARED_SELECTOR = YES;
				GCC_WARN_UNINITIALIZED_AUTOS = YES_AGGRESSIVE;
				GCC_WARN_UNUSED_FUNCTION = YES;
				GCC_WARN_UNUSED_VARIABLE = YES;
				MACOSX_DEPLOYMENT_TARGET = 10.11;
				MTL_ENABLE_DEBUG_INFO = YES;
				ONLY_ACTIVE_ARCH = YES;
				SDKROOT = macosx;
			};
			name = Debug;
		};
		E828699F1CEAC93E00510CA1 /* Release */ = {
			isa = XCBuildConfiguration;
			buildSettings = {
				ALWAYS_SEARCH_USER_PATHS = NO;
				CLANG_ANALYZER_NONNULL = YES;
				CLANG_CXX_LANGUAGE_STANDARD = "gnu++0x";
				CLANG_CXX_LIBRARY = "libc++";
				CLANG_ENABLE_MODULES = YES;
				CLANG_ENABLE_OBJC_ARC = YES;
				CLANG_WARN_BOOL_CONVERSION = YES;
				CLANG_WARN_CONSTANT_CONVERSION = YES;
				CLANG_WARN_DIRECT_OBJC_ISA_USAGE = YES_ERROR;
				CLANG_WARN_EMPTY_BODY = YES;
				CLANG_WARN_ENUM_CONVERSION = YES;
				CLANG_WARN_INT_CONVERSION = YES;
				CLANG_WARN_OBJC_ROOT_CLASS = YES_ERROR;
				CLANG_WARN_UNREACHABLE_CODE = YES;
				CLANG_WARN__DUPLICATE_METHOD_MATCH = YES;
				CODE_SIGN_IDENTITY = "-";
				COPY_PHASE_STRIP = NO;
				DEBUG_INFORMATION_FORMAT = "dwarf-with-dsym";
				ENABLE_NS_ASSERTIONS = NO;
				ENABLE_STRICT_OBJC_MSGSEND = YES;
				GCC_C_LANGUAGE_STANDARD = gnu99;
				GCC_NO_COMMON_BLOCKS = YES;
				GCC_WARN_64_TO_32_BIT_CONVERSION = YES;
				GCC_WARN_ABOUT_RETURN_TYPE = YES_ERROR;
				GCC_WARN_UNDECLARED_SELECTOR = YES;
				GCC_WARN_UNINITIALIZED_AUTOS = YES_AGGRESSIVE;
				GCC_WARN_UNUSED_FUNCTION = YES;
				GCC_WARN_UNUSED_VARIABLE = YES;
				MACOSX_DEPLOYMENT_TARGET = 10.11;
				MTL_ENABLE_DEBUG_INFO = NO;
				SDKROOT = macosx;
			};
			name = Release;
		};
		E82869A11CEAC93E00510CA1 /* Debug */ = {
			isa = XCBuildConfiguration;
			buildSettings = {
				PRODUCT_NAME = "$(TARGET_NAME)";
			};
			name = Debug;
		};
		E82869A21CEAC93E00510CA1 /* Release */ = {
			isa = XCBuildConfiguration;
			buildSettings = {
				PRODUCT_NAME = "$(TARGET_NAME)";
			};
			name = Release;
		};
/* End XCBuildConfiguration section */

/* Begin XCConfigurationList section */
		E82869941CEAC93E00510CA1 /* Build configuration list for PBXProject "runtime--metaClass" */ = {
			isa = XCConfigurationList;
			buildConfigurations = (
				E828699E1CEAC93E00510CA1 /* Debug */,
				E828699F1CEAC93E00510CA1 /* Release */,
			);
			defaultConfigurationIsVisible = 0;
			defaultConfigurationName = Release;
		};
		E82869A01CEAC93E00510CA1 /* Build configuration list for PBXNativeTarget "runtime--metaClass" */ = {
			isa = XCConfigurationList;
			buildConfigurations = (
				E82869A11CEAC93E00510CA1 /* Debug */,
				E82869A21CEAC93E00510CA1 /* Release */,
			);
			defaultConfigurationIsVisible = 0;
		};
/* End XCConfigurationList section */
	};
	rootObject = E82869911CEAC93E00510CA1 /* Project object */;
}
